# This file is automatically @generated by Cargo.
# It is not intended for manual editing.
version = 3

[[package]]
name = "bitflags"
version = "2.3.2"
source = "registry+https://github.com/rust-lang/crates.io-index"
checksum = "6dbe3c979c178231552ecba20214a8272df4e09f232a87aef4320cf06539aded"

[[package]]
name = "greet"
version = "0.1.0"
dependencies = [
 "wit-bindgen",
]

[[package]]
name = "wit-bindgen"
version = "0.7.0"
source = "registry+https://github.com/rust-lang/crates.io-index"
checksum = "a628591b3905328e886462f75de3b2af1e546b19af5f4c359086b26bec29c4bd"
dependencies = [
 "bitflags",
]
